Microsoft Visual Studio Solution File, Format Version 7.00
Project("{F184B08F-C81C-45F6-A57F-5ABD9991F28F}") = "NumericTextBoxTest", "NumericTextBoxTest.vbproj", "{8A595660-BB97-4824-AD3F-43500C201AB4}"
EndProject
Global
	GlobalSection(SolutionConfiguration) = preSolution
		ConfigName.0 = Debug
		ConfigName.1 = Release
	EndGlobalSection
	GlobalSection(ProjectDependencies) = postSolution
	EndGlobalSection
	GlobalSection(ProjectConfiguration) = postSolution
		{8A595660-BB97-4824-AD3F-43500C201AB4}.Debug.ActiveCfg = Debug|.NET
		{8A595660-BB97-4824-AD3F-43500C201AB4}.Debug.Build.0 = Debug|.NET
		{8A595660-BB97-4824-AD3F-43500C201AB4}.Release.ActiveCfg = Release|.NET
		{8A595660-BB97-4824-AD3F-43500C201AB4}.Release.Build.0 = Release|.NET
	EndGlobalSection
	GlobalSection(SolutionItems) = postSolution
		Item:1 = ..\DebugDemoControl\NumericTextBox.vb
	EndGlobalSection
	GlobalSection(ExtensibilityGlobals) = postSolution
	EndGlobalSection
	GlobalSection(ExtensibilityAddIns) = postSolution
	EndGlobalSection
EndGlobal
