Microsoft Visual Studio Solution File, Format Version 8.00
Project("{FAE04EC0-301F-11D3-BF4B-00C04F79EFBC}") = "Listing2-6", "Listing2-6.csproj", "{3A2336E2-DF01-47F4-97DC-F20E39391250}"
	ProjectSection(ProjectDependencies) = postProject
	EndProjectSection
EndProject
Global
	GlobalSection(SolutionConfiguration) = preSolution
		Debug = Debug
		Release = Release
	EndGlobalSection
	GlobalSection(ProjectConfiguration) = postSolution
		{3A2336E2-DF01-47F4-97DC-F20E39391250}.Debug.ActiveCfg = Debug|.NET
		{3A2336E2-DF01-47F4-97DC-F20E39391250}.Debug.Build.0 = Debug|.NET
		{3A2336E2-DF01-47F4-97DC-F20E39391250}.Release.ActiveCfg = Release|.NET
		{3A2336E2-DF01-47F4-97DC-F20E39391250}.Release.Build.0 = Release|.NET
	EndGlobalSection
	GlobalSection(ExtensibilityGlobals) = postSolution
	EndGlobalSection
	GlobalSection(ExtensibilityAddIns) = postSolution
	EndGlobalSection
EndGlobal
