Microsoft Visual Studio Solution File, Format Version 8.00
Project("{F184B08F-C81C-45F6-A57F-5ABD9991F28F}") = "RemoveDefaultTrace", "RemoveDefaultTrace.vbproj", "{831BA6C7-D44A-4C54-B62F-C12A3D3831C6}"
	ProjectSection(ProjectDependencies) = postProject
	EndProjectSection
EndProject
Global
	GlobalSection(SolutionConfiguration) = preSolution
		Debug = Debug
		Release = Release
	EndGlobalSection
	GlobalSection(ProjectConfiguration) = postSolution
		{831BA6C7-D44A-4C54-B62F-C12A3D3831C6}.Debug.ActiveCfg = Debug|.NET
		{831BA6C7-D44A-4C54-B62F-C12A3D3831C6}.Debug.Build.0 = Debug|.NET
		{831BA6C7-D44A-4C54-B62F-C12A3D3831C6}.Release.ActiveCfg = Release|.NET
		{831BA6C7-D44A-4C54-B62F-C12A3D3831C6}.Release.Build.0 = Release|.NET
	EndGlobalSection
	GlobalSection(ExtensibilityGlobals) = postSolution
	EndGlobalSection
	GlobalSection(ExtensibilityAddIns) = postSolution
	EndGlobalSection
EndGlobal
