Microsoft Visual Studio Solution File, Format Version 8.00
Project("{F184B08F-C81C-45F6-A57F-5ABD9991F28F}") = "ThreadGui", "ThreadGui.vbproj", "{DFCF340A-17A9-4859-8638-D4BDED3F4BD0}"
	ProjectSection(ProjectDependencies) = postProject
	EndProjectSection
EndProject
Global
	GlobalSection(SolutionConfiguration) = preSolution
		Debug = Debug
		Release = Release
	EndGlobalSection
	GlobalSection(ProjectConfiguration) = postSolution
		{DFCF340A-17A9-4859-8638-D4BDED3F4BD0}.Debug.ActiveCfg = Debug|.NET
		{DFCF340A-17A9-4859-8638-D4BDED3F4BD0}.Debug.Build.0 = Debug|.NET
		{DFCF340A-17A9-4859-8638-D4BDED3F4BD0}.Release.ActiveCfg = Release|.NET
		{DFCF340A-17A9-4859-8638-D4BDED3F4BD0}.Release.Build.0 = Release|.NET
	EndGlobalSection
	GlobalSection(ExtensibilityGlobals) = postSolution
	EndGlobalSection
	GlobalSection(ExtensibilityAddIns) = postSolution
	EndGlobalSection
EndGlobal
