Microsoft Visual Studio Solution File, Format Version 8.00
Project("{F184B08F-C81C-45F6-A57F-5ABD9991F28F}") = "HidingDetail", "HidingDetail.vbproj", "{FA9CA985-D2C2-466D-8503-B447C738F116}"
	ProjectSection(ProjectDependencies) = postProject
	EndProjectSection
EndProject
Global
	GlobalSection(SolutionConfiguration) = preSolution
		Debug = Debug
		Release = Release
	EndGlobalSection
	GlobalSection(ProjectConfiguration) = postSolution
		{FA9CA985-D2C2-466D-8503-B447C738F116}.Debug.ActiveCfg = Debug|.NET
		{FA9CA985-D2C2-466D-8503-B447C738F116}.Debug.Build.0 = Debug|.NET
		{FA9CA985-D2C2-466D-8503-B447C738F116}.Release.ActiveCfg = Release|.NET
		{FA9CA985-D2C2-466D-8503-B447C738F116}.Release.Build.0 = Release|.NET
	EndGlobalSection
	GlobalSection(ExtensibilityGlobals) = postSolution
	EndGlobalSection
	GlobalSection(ExtensibilityAddIns) = postSolution
	EndGlobalSection
EndGlobal
