Microsoft Visual Studio Solution File, Format Version 8.00
Project("{F184B08F-C81C-45F6-A57F-5ABD9991F28F}") = "StringPerfTestTwo", "StringPerfTestTwo.vbproj", "{8454C1C9-B876-4ACF-8562-02C70E18505E}"
	ProjectSection(ProjectDependencies) = postProject
	EndProjectSection
EndProject
Global
	GlobalSection(SolutionConfiguration) = preSolution
		Debug = Debug
		Release = Release
	EndGlobalSection
	GlobalSection(ProjectConfiguration) = postSolution
		{8454C1C9-B876-4ACF-8562-02C70E18505E}.Debug.ActiveCfg = Debug|.NET
		{8454C1C9-B876-4ACF-8562-02C70E18505E}.Debug.Build.0 = Debug|.NET
		{8454C1C9-B876-4ACF-8562-02C70E18505E}.Release.ActiveCfg = Release|.NET
		{8454C1C9-B876-4ACF-8562-02C70E18505E}.Release.Build.0 = Release|.NET
	EndGlobalSection
	GlobalSection(ExtensibilityGlobals) = postSolution
	EndGlobalSection
	GlobalSection(ExtensibilityAddIns) = postSolution
	EndGlobalSection
EndGlobal
