Microsoft Visual Studio Solution File, Format Version 8.00
Project("{F184B08F-C81C-45F6-A57F-5ABD9991F28F}") = "HelloWorld", "HelloWorld.vbproj", "{B17D4890-3D55-4530-9BAB-331E9F4DB432}"
	ProjectSection(ProjectDependencies) = postProject
	EndProjectSection
EndProject
Global
	GlobalSection(SolutionConfiguration) = preSolution
		Debug = Debug
		Release = Release
	EndGlobalSection
	GlobalSection(ProjectConfiguration) = postSolution
		{B17D4890-3D55-4530-9BAB-331E9F4DB432}.Debug.ActiveCfg = Debug|.NET
		{B17D4890-3D55-4530-9BAB-331E9F4DB432}.Debug.Build.0 = Debug|.NET
		{B17D4890-3D55-4530-9BAB-331E9F4DB432}.Release.ActiveCfg = Release|.NET
		{B17D4890-3D55-4530-9BAB-331E9F4DB432}.Release.Build.0 = Release|.NET
	EndGlobalSection
	GlobalSection(ExtensibilityGlobals) = postSolution
	EndGlobalSection
	GlobalSection(ExtensibilityAddIns) = postSolution
	EndGlobalSection
EndGlobal
