Microsoft Visual Studio Solution File, Format Version 8.00
Project("{F184B08F-C81C-45F6-A57F-5ABD9991F28F}") = "UnhandledExceptionsWinForms", "UnhandledExceptionsWinForms.vbproj", "{F2494349-133A-4CA8-A2E6-0F4422E9219F}"
	ProjectSection(ProjectDependencies) = postProject
	EndProjectSection
EndProject
Global
	GlobalSection(SolutionConfiguration) = preSolution
		Debug = Debug
		Release = Release
	EndGlobalSection
	GlobalSection(ProjectConfiguration) = postSolution
		{F2494349-133A-4CA8-A2E6-0F4422E9219F}.Debug.ActiveCfg = Debug|.NET
		{F2494349-133A-4CA8-A2E6-0F4422E9219F}.Debug.Build.0 = Debug|.NET
		{F2494349-133A-4CA8-A2E6-0F4422E9219F}.Release.ActiveCfg = Release|.NET
		{F2494349-133A-4CA8-A2E6-0F4422E9219F}.Release.Build.0 = Release|.NET
	EndGlobalSection
	GlobalSection(ExtensibilityGlobals) = postSolution
	EndGlobalSection
	GlobalSection(ExtensibilityAddIns) = postSolution
	EndGlobalSection
EndGlobal
